// !$*UTF8*$!
{
	archiveVersion = 1;
	classes = {
	};
	objectVersion = 54;
	objects = {

/* Begin PBXBuildFile section */
		461718BF26867391005F12F7 /* ChatSendBar.swift in Sources */ = {isa = PBXBuildFile; fileRef = 461718BE26867391005F12F7 /* ChatSendBar.swift */; };
		461718C2268673D2005F12F7 /* Separator.swift in Sources */ = {isa = PBXBuildFile; fileRef = 461718C1268673D2005F12F7 /* Separator.swift */; };
		461718C5268676D9005F12F7 /* UIImage++.swift in Sources */ = {isa = PBXBuildFile; fileRef = 461718C4268676D9005F12F7 /* UIImage++.swift */; };
		461807462686C0830001252C /* UIViewController++.swift in Sources */ = {isa = PBXBuildFile; fileRef = 461807452686C0830001252C /* UIViewController++.swift */; };
		462B16962702A04500B0585B /* UniversityPickerView.swift in Sources */ = {isa = PBXBuildFile; fileRef = 462B16952702A04500B0585B /* UniversityPickerView.swift */; };
		463243C32694A68600E8B392 /* ForgotPasswordView.swift in Sources */ = {isa = PBXBuildFile; fileRef = 463243C22694A68600E8B392 /* ForgotPasswordView.swift */; };
		463243C5269518CF00E8B392 /* SearchFriendsView.swift in Sources */ = {isa = PBXBuildFile; fileRef = 463243C4269518CF00E8B392 /* SearchFriendsView.swift */; };
		46330FFD2685500600E63D68 /* User.swift in Sources */ = {isa = PBXBuildFile; fileRef = 46330FFC2685500600E63D68 /* User.swift */; };
		463310002685502800E63D68 /* Message.swift in Sources */ = {isa = PBXBuildFile; fileRef = 46330FFF2685502800E63D68 /* Message.swift */; };
		463310022685508F00E63D68 /* MessageListView.swift in Sources */ = {isa = PBXBuildFile; fileRef = 463310012685508F00E63D68 /* MessageListView.swift */; };
		4633100726855C2F00E63D68 /* UINavigationController++.swift in Sources */ = {isa = PBXBuildFile; fileRef = 4633100626855C2F00E63D68 /* UINavigationController++.swift */; };
		463862CF26961B7300C85153 /* Introspect in Frameworks */ = {isa = PBXBuildFile; productRef = 463862CE26961B7300C85153 /* Introspect */; };
		463A0CD826884F5F0028C55A /* AddNewFriendView.swift in Sources */ = {isa = PBXBuildFile; fileRef = 463A0CD726884F5F0028C55A /* AddNewFriendView.swift */; };
		463A0CDA2689389A0028C55A /* String++.swift in Sources */ = {isa = PBXBuildFile; fileRef = 463A0CD92689389A0028C55A /* String++.swift */; };
		463A0CDC26893F0A0028C55A /* View++.swift in Sources */ = {isa = PBXBuildFile; fileRef = 463A0CDB26893F0A0028C55A /* View++.swift */; };
		463B7A972708C14200C1234A /* ExtentionTests.swift in Sources */ = {isa = PBXBuildFile; fileRef = 463B7A962708C14200C1234A /* ExtentionTests.swift */; };
		463B7ACF2708FAEE00C1234A /* MeSettingView.swift in Sources */ = {isa = PBXBuildFile; fileRef = 463B7ACE2708FAEE00C1234A /* MeSettingView.swift */; };
		463B7AD32708FF7600C1234A /* EditPlanView.swift in Sources */ = {isa = PBXBuildFile; fileRef = 463B7AD22708FF7600C1234A /* EditPlanView.swift */; };
		463B7AD52708FFB200C1234A /* SearchCoursesView.swift in Sources */ = {isa = PBXBuildFile; fileRef = 463B7AD42708FFB200C1234A /* SearchCoursesView.swift */; };
		463D844826980DC200CEB91E /* FirebaseStorageSwift-Beta in Frameworks */ = {isa = PBXBuildFile; productRef = 463D844726980DC200CEB91E /* FirebaseStorageSwift-Beta */; };
		463D844A2698979700CEB91E /* ImagePicker.swift in Sources */ = {isa = PBXBuildFile; fileRef = 463D84492698979700CEB91E /* ImagePicker.swift */; };
		463D8452269A5B1D00CEB91E /* Kingfisher in Frameworks */ = {isa = PBXBuildFile; productRef = 463D8451269A5B1D00CEB91E /* Kingfisher */; };
		464F368D268D150D00C32FC2 /* MessageRowView.swift in Sources */ = {isa = PBXBuildFile; fileRef = 464F368C268D150D00C32FC2 /* MessageRowView.swift */; };
		465E61EC268F6EDC00AC2D47 /* NotificationNumLabel.swift in Sources */ = {isa = PBXBuildFile; fileRef = 465E61EB268F6EDC00AC2D47 /* NotificationNumLabel.swift */; };
		465E61EE268F6FF900AC2D47 /* CoursesContainer.swift in Sources */ = {isa = PBXBuildFile; fileRef = 465E61ED268F6FF900AC2D47 /* CoursesContainer.swift */; };
		465E61F0268F925700AC2D47 /* CourseEntryView.swift in Sources */ = {isa = PBXBuildFile; fileRef = 465E61EF268F925700AC2D47 /* CourseEntryView.swift */; };
		46633158271249E400F2F845 /* CourseCardView.swift in Sources */ = {isa = PBXBuildFile; fileRef = 46633157271249E400F2F845 /* CourseCardView.swift */; };
		4663315E2712547900F2F845 /* InterestsBubbleMagneticView.swift in Sources */ = {isa = PBXBuildFile; fileRef = 4663315D2712547900F2F845 /* InterestsBubbleMagneticView.swift */; };
		4663D5CD268A81F3008C0256 /* Localizable.strings in Resources */ = {isa = PBXBuildFile; fileRef = 4663D5CF268A81F3008C0256 /* Localizable.strings */; };
		4671063326934F1C0001BED7 /* AddCourseView.swift in Sources */ = {isa = PBXBuildFile; fileRef = 4671063226934F1C0001BED7 /* AddCourseView.swift */; };
		4680290026843000000ADC22 /* PlanView.swift in Sources */ = {isa = PBXBuildFile; fileRef = 468028FF26843000000ADC22 /* PlanView.swift */; };
		4680290226843049000ADC22 /* HomeView.swift in Sources */ = {isa = PBXBuildFile; fileRef = 4680290126843049000ADC22 /* HomeView.swift */; };
		4680290426843061000ADC22 /* FriendsView.swift in Sources */ = {isa = PBXBuildFile; fileRef = 4680290326843061000ADC22 /* FriendsView.swift */; };
		4680290626843070000ADC22 /* MeView.swift in Sources */ = {isa = PBXBuildFile; fileRef = 4680290526843070000ADC22 /* MeView.swift */; };
		46802908268449B4000ADC22 /* Course.swift in Sources */ = {isa = PBXBuildFile; fileRef = 46802907268449B4000ADC22 /* Course.swift */; };
		468DAE32268E9EE100A270E4 /* FirebaseMessaging in Frameworks */ = {isa = PBXBuildFile; productRef = 468DAE31268E9EE100A270E4 /* FirebaseMessaging */; };
		46969C3826804CD000A82666 /* AcademixApp.swift in Sources */ = {isa = PBXBuildFile; fileRef = 46969C3726804CD000A82666 /* AcademixApp.swift */; };
		46969C3A26804CD000A82666 /* MainView.swift in Sources */ = {isa = PBXBuildFile; fileRef = 46969C3926804CD000A82666 /* MainView.swift */; };
		46969C3C26804CD100A82666 /* Assets.xcassets in Resources */ = {isa = PBXBuildFile; fileRef = 46969C3B26804CD100A82666 /* Assets.xcassets */; };
		46969C3F26804CD100A82666 /* Preview Assets.xcassets in Resources */ = {isa = PBXBuildFile; fileRef = 46969C3E26804CD100A82666 /* Preview Assets.xcassets */; };
		4697E5D5268FBA74005AE2E8 /* FriendsContainer.swift in Sources */ = {isa = PBXBuildFile; fileRef = 4697E5D4268FBA74005AE2E8 /* FriendsContainer.swift */; };
		4697E5D726900E2C005AE2E8 /* UserDefaults++.swift in Sources */ = {isa = PBXBuildFile; fileRef = 4697E5D626900E2C005AE2E8 /* UserDefaults++.swift */; };
		4697E5D926901B8A005AE2E8 /* Codable++.swift in Sources */ = {isa = PBXBuildFile; fileRef = 4697E5D826901B8A005AE2E8 /* Codable++.swift */; };
		4697E5DB2690C00F005AE2E8 /* Published++.swift in Sources */ = {isa = PBXBuildFile; fileRef = 4697E5DA2690C00F005AE2E8 /* Published++.swift */; };
		4697E5DD2690F030005AE2E8 /* AppViewModel.swift in Sources */ = {isa = PBXBuildFile; fileRef = 4697E5DC2690F030005AE2E8 /* AppViewModel.swift */; };
		46A0CEE1268E59270017F2D6 /* AppDelegate.swift in Sources */ = {isa = PBXBuildFile; fileRef = 46A0CEE0268E59270017F2D6 /* AppDelegate.swift */; };
		46AC17AA27148B11003F0773 /* PlanRecommandationView.swift in Sources */ = {isa = PBXBuildFile; fileRef = 46AC17A927148B11003F0773 /* PlanRecommandationView.swift */; };
		46AC17AC27148B23003F0773 /* MyPlanView.swift in Sources */ = {isa = PBXBuildFile; fileRef = 46AC17AB27148B23003F0773 /* MyPlanView.swift */; };
		46AC17AF27148C61003F0773 /* PlanRecommandationCourseView.swift in Sources */ = {isa = PBXBuildFile; fileRef = 46AC17AE27148C61003F0773 /* PlanRecommandationCourseView.swift */; };
		46B2CED62684D9B8009A006B /* CourseChatView.swift in Sources */ = {isa = PBXBuildFile; fileRef = 46B2CED52684D9B8009A006B /* CourseChatView.swift */; };
		46C77643268BCBF500264401 /* FirebaseFirestoreSwift-Beta in Frameworks */ = {isa = PBXBuildFile; productRef = 46C77642268BCBF500264401 /* FirebaseFirestoreSwift-Beta */; };
		46C77647268BCBF500264401 /* FirebaseAuth in Frameworks */ = {isa = PBXBuildFile; productRef = 46C77646268BCBF500264401 /* FirebaseAuth */; };
		46C7764D268BCCFB00264401 /* GoogleService-Info.plist in Resources */ = {isa = PBXBuildFile; fileRef = 46C7764C268BCCFB00264401 /* GoogleService-Info.plist */; };
		46C7764F268BD1CE00264401 /* SignInView.swift in Sources */ = {isa = PBXBuildFile; fileRef = 46C7764E268BD1CE00264401 /* SignInView.swift */; };
		46C77651268C119F00264401 /* RegisterView.swift in Sources */ = {isa = PBXBuildFile; fileRef = 46C77650268C119F00264401 /* RegisterView.swift */; };
		46C77653268C1D6C00264401 /* defaultsKeys.swift in Sources */ = {isa = PBXBuildFile; fileRef = 46C77652268C1D6C00264401 /* defaultsKeys.swift */; };
		46D04D132715000400981CCA /* MyPlanCourseView.swift in Sources */ = {isa = PBXBuildFile; fileRef = 46D04D122715000400981CCA /* MyPlanCourseView.swift */; };
		46D5C5FE2695663D006EBDB5 /* FriendDetailView.swift in Sources */ = {isa = PBXBuildFile; fileRef = 46D5C5FD2695663D006EBDB5 /* FriendDetailView.swift */; };
		46DC79CD2713A25B00201D60 /* Avatar.swift in Sources */ = {isa = PBXBuildFile; fileRef = 46DC79CC2713A25B00201D60 /* Avatar.swift */; };
		46DC79D22713A78200201D60 /* AllCourseStudentsView.swift in Sources */ = {isa = PBXBuildFile; fileRef = 46DC79D12713A78200201D60 /* AllCourseStudentsView.swift */; };
		46E2E03F2687CCA70071649B /* FriendsChatRowView.swift in Sources */ = {isa = PBXBuildFile; fileRef = 46E2E03E2687CCA70071649B /* FriendsChatRowView.swift */; };
		46E2E0412687CE210071649B /* FriendChat.swift in Sources */ = {isa = PBXBuildFile; fileRef = 46E2E0402687CE210071649B /* FriendChat.swift */; };
		46E2E0432687CF680071649B /* FriendsFilterByCourseView.swift in Sources */ = {isa = PBXBuildFile; fileRef = 46E2E0422687CF680071649B /* FriendsFilterByCourseView.swift */; };
		46E2E0452687D3C40071649B /* Date++.swift in Sources */ = {isa = PBXBuildFile; fileRef = 46E2E0442687D3C40071649B /* Date++.swift */; };
		46E2E0472687D8590071649B /* FriendsChatListView.swift in Sources */ = {isa = PBXBuildFile; fileRef = 46E2E0462687D8590071649B /* FriendsChatListView.swift */; };
		46E2E0492687D90F0071649B /* FriendsChatView.swift in Sources */ = {isa = PBXBuildFile; fileRef = 46E2E0482687D90E0071649B /* FriendsChatView.swift */; };
		46E2E04B2687DE030071649B /* Media.swift in Sources */ = {isa = PBXBuildFile; fileRef = 46E2E04A2687DE030071649B /* Media.swift */; };
		46F2E4702688353A002DDE18 /* FriendsMoreInfoView.swift in Sources */ = {isa = PBXBuildFile; fileRef = 46F2E46F2688353A002DDE18 /* FriendsMoreInfoView.swift */; };
		46F2E47226883AE5002DDE18 /* CourseChatMoreInfoView.swift in Sources */ = {isa = PBXBuildFile; fileRef = 46F2E47126883AE5002DDE18 /* CourseChatMoreInfoView.swift */; };
		46FD122026928D19005965B0 /* PushNotificaiotnSender.swift in Sources */ = {isa = PBXBuildFile; fileRef = 46FD121F26928D19005965B0 /* PushNotificaiotnSender.swift */; };
/* End PBXBuildFile section */

/* Begin PBXContainerItemProxy section */
		463B7A912708C07F00C1234A /* PBXContainerItemProxy */ = {
			isa = PBXContainerItemProxy;
			containerPortal = 46969C2C26804CD000A82666 /* Project object */;
			proxyType = 1;
			remoteGlobalIDString = 46969C3326804CD000A82666;
			remoteInfo = Academix;
		};
/* End PBXContainerItemProxy section */

/* Begin PBXFileReference section */
		461718BE26867391005F12F7 /* ChatSendBar.swift */ = {isa = PBXFileReference; lastKnownFileType = sourcecode.swift; path = ChatSendBar.swift; sourceTree = "<group>"; };
		461718C1268673D2005F12F7 /* Separator.swift */ = {isa = PBXFileReference; lastKnownFileType = sourcecode.swift; path = Separator.swift; sourceTree = "<group>"; };
		461718C4268676D9005F12F7 /* UIImage++.swift */ = {isa = PBXFileReference; lastKnownFileType = sourcecode.swift; path = "UIImage++.swift"; sourceTree = "<group>"; };
		461807452686C0830001252C /* UIViewController++.swift */ = {isa = PBXFileReference; lastKnownFileType = sourcecode.swift; path = "UIViewController++.swift"; sourceTree = "<group>"; };
		462B16952702A04500B0585B /* UniversityPickerView.swift */ = {isa = PBXFileReference; lastKnownFileType = sourcecode.swift; path = UniversityPickerView.swift; sourceTree = "<group>"; };
		463243C22694A68600E8B392 /* ForgotPasswordView.swift */ = {isa = PBXFileReference; lastKnownFileType = sourcecode.swift; path = ForgotPasswordView.swift; sourceTree = "<group>"; };
		463243C4269518CF00E8B392 /* SearchFriendsView.swift */ = {isa = PBXFileReference; lastKnownFileType = sourcecode.swift; path = SearchFriendsView.swift; sourceTree = "<group>"; };
		46330FFC2685500600E63D68 /* User.swift */ = {isa = PBXFileReference; lastKnownFileType = sourcecode.swift; path = User.swift; sourceTree = "<group>"; };
		46330FFF2685502800E63D68 /* Message.swift */ = {isa = PBXFileReference; lastKnownFileType = sourcecode.swift; path = Message.swift; sourceTree = "<group>"; };
		463310012685508F00E63D68 /* MessageListView.swift */ = {isa = PBXFileReference; lastKnownFileType = sourcecode.swift; path = MessageListView.swift; sourceTree = "<group>"; };
		4633100626855C2F00E63D68 /* UINavigationController++.swift */ = {isa = PBXFileReference; lastKnownFileType = sourcecode.swift; path = "UINavigationController++.swift"; sourceTree = "<group>"; };
		463A0CD726884F5F0028C55A /* AddNewFriendView.swift */ = {isa = PBXFileReference; lastKnownFileType = sourcecode.swift; path = AddNewFriendView.swift; sourceTree = "<group>"; };
		463A0CD92689389A0028C55A /* String++.swift */ = {isa = PBXFileReference; lastKnownFileType = sourcecode.swift; path = "String++.swift"; sourceTree = "<group>"; };
		463A0CDB26893F0A0028C55A /* View++.swift */ = {isa = PBXFileReference; lastKnownFileType = sourcecode.swift; path = "View++.swift"; sourceTree = "<group>"; };
		463B7A8D2708C07F00C1234A /* AcademixTests.xctest */ = {isa = PBXFileReference; explicitFileType = wrapper.cfbundle; includeInIndex = 0; path = AcademixTests.xctest; sourceTree = BUILT_PRODUCTS_DIR; };
		463B7A962708C14200C1234A /* ExtentionTests.swift */ = {isa = PBXFileReference; lastKnownFileType = sourcecode.swift; path = ExtentionTests.swift; sourceTree = "<group>"; };
		463B7ACE2708FAEE00C1234A /* MeSettingView.swift */ = {isa = PBXFileReference; lastKnownFileType = sourcecode.swift; path = MeSettingView.swift; sourceTree = "<group>"; };
		463B7AD22708FF7600C1234A /* EditPlanView.swift */ = {isa = PBXFileReference; lastKnownFileType = sourcecode.swift; path = EditPlanView.swift; sourceTree = "<group>"; };
		463B7AD42708FFB200C1234A /* SearchCoursesView.swift */ = {isa = PBXFileReference; lastKnownFileType = sourcecode.swift; path = SearchCoursesView.swift; sourceTree = "<group>"; };
		463D84492698979700CEB91E /* ImagePicker.swift */ = {isa = PBXFileReference; lastKnownFileType = sourcecode.swift; path = ImagePicker.swift; sourceTree = "<group>"; };
		464F368C268D150D00C32FC2 /* MessageRowView.swift */ = {isa = PBXFileReference; lastKnownFileType = sourcecode.swift; path = MessageRowView.swift; sourceTree = "<group>"; };
		465E61EB268F6EDC00AC2D47 /* NotificationNumLabel.swift */ = {isa = PBXFileReference; lastKnownFileType = sourcecode.swift; path = NotificationNumLabel.swift; sourceTree = "<group>"; };
		465E61ED268F6FF900AC2D47 /* CoursesContainer.swift */ = {isa = PBXFileReference; lastKnownFileType = sourcecode.swift; path = CoursesContainer.swift; sourceTree = "<group>"; };
		465E61EF268F925700AC2D47 /* CourseEntryView.swift */ = {isa = PBXFileReference; lastKnownFileType = sourcecode.swift; path = CourseEntryView.swift; sourceTree = "<group>"; };
		46633157271249E400F2F845 /* CourseCardView.swift */ = {isa = PBXFileReference; fileEncoding = 4; lastKnownFileType = sourcecode.swift; path = CourseCardView.swift; sourceTree = "<group>"; };
		4663315D2712547900F2F845 /* InterestsBubbleMagneticView.swift */ = {isa = PBXFileReference; lastKnownFileType = sourcecode.swift; path = InterestsBubbleMagneticView.swift; sourceTree = "<group>"; };
		4663D5CE268A81F3008C0256 /* en */ = {isa = PBXFileReference; lastKnownFileType = text.plist.strings; name = en; path = en.lproj/Localizable.strings; sourceTree = "<group>"; };
		4663D5D0268A81F9008C0256 /* zh-Hans */ = {isa = PBXFileReference; lastKnownFileType = text.plist.strings; name = "zh-Hans"; path = "zh-Hans.lproj/Localizable.strings"; sourceTree = "<group>"; };
		4671063226934F1C0001BED7 /* AddCourseView.swift */ = {isa = PBXFileReference; lastKnownFileType = sourcecode.swift; path = AddCourseView.swift; sourceTree = "<group>"; };
		468028FF26843000000ADC22 /* PlanView.swift */ = {isa = PBXFileReference; lastKnownFileType = sourcecode.swift; path = PlanView.swift; sourceTree = "<group>"; };
		4680290126843049000ADC22 /* HomeView.swift */ = {isa = PBXFileReference; lastKnownFileType = sourcecode.swift; path = HomeView.swift; sourceTree = "<group>"; };
		4680290326843061000ADC22 /* FriendsView.swift */ = {isa = PBXFileReference; lastKnownFileType = sourcecode.swift; path = FriendsView.swift; sourceTree = "<group>"; };
		4680290526843070000ADC22 /* MeView.swift */ = {isa = PBXFileReference; lastKnownFileType = sourcecode.swift; path = MeView.swift; sourceTree = "<group>"; };
		46802907268449B4000ADC22 /* Course.swift */ = {isa = PBXFileReference; lastKnownFileType = sourcecode.swift; path = Course.swift; sourceTree = "<group>"; };
		46969C3426804CD000A82666 /* Academix.app */ = {isa = PBXFileReference; explicitFileType = wrapper.application; includeInIndex = 0; path = Academix.app; sourceTree = BUILT_PRODUCTS_DIR; };
		46969C3726804CD000A82666 /* AcademixApp.swift */ = {isa = PBXFileReference; lastKnownFileType = sourcecode.swift; path = AcademixApp.swift; sourceTree = "<group>"; };
		46969C3926804CD000A82666 /* MainView.swift */ = {isa = PBXFileReference; lastKnownFileType = sourcecode.swift; path = MainView.swift; sourceTree = "<group>"; };
		46969C3B26804CD100A82666 /* Assets.xcassets */ = {isa = PBXFileReference; lastKnownFileType = folder.assetcatalog; path = Assets.xcassets; sourceTree = "<group>"; };
		46969C3E26804CD100A82666 /* Preview Assets.xcassets */ = {isa = PBXFileReference; lastKnownFileType = folder.assetcatalog; path = "Preview Assets.xcassets"; sourceTree = "<group>"; };
		46969C4026804CD100A82666 /* Info.plist */ = {isa = PBXFileReference; lastKnownFileType = text.plist.xml; path = Info.plist; sourceTree = "<group>"; };
		4697E5D4268FBA74005AE2E8 /* FriendsContainer.swift */ = {isa = PBXFileReference; lastKnownFileType = sourcecode.swift; path = FriendsContainer.swift; sourceTree = "<group>"; };
		4697E5D626900E2C005AE2E8 /* UserDefaults++.swift */ = {isa = PBXFileReference; lastKnownFileType = sourcecode.swift; path = "UserDefaults++.swift"; sourceTree = "<group>"; };
		4697E5D826901B8A005AE2E8 /* Codable++.swift */ = {isa = PBXFileReference; lastKnownFileType = sourcecode.swift; path = "Codable++.swift"; sourceTree = "<group>"; };
		4697E5DA2690C00F005AE2E8 /* Published++.swift */ = {isa = PBXFileReference; lastKnownFileType = sourcecode.swift; path = "Published++.swift"; sourceTree = "<group>"; };
		4697E5DC2690F030005AE2E8 /* AppViewModel.swift */ = {isa = PBXFileReference; lastKnownFileType = sourcecode.swift; path = AppViewModel.swift; sourceTree = "<group>"; };
		46A0CEE0268E59270017F2D6 /* AppDelegate.swift */ = {isa = PBXFileReference; lastKnownFileType = sourcecode.swift; path = AppDelegate.swift; sourceTree = "<group>"; };
		46A0CEE2268E5AC80017F2D6 /* Academix.entitlements */ = {isa = PBXFileReference; lastKnownFileType = text.plist.entitlements; path = Academix.entitlements; sourceTree = "<group>"; };
		46AC17A927148B11003F0773 /* PlanRecommandationView.swift */ = {isa = PBXFileReference; lastKnownFileType = sourcecode.swift; path = PlanRecommandationView.swift; sourceTree = "<group>"; };
		46AC17AB27148B23003F0773 /* MyPlanView.swift */ = {isa = PBXFileReference; lastKnownFileType = sourcecode.swift; path = MyPlanView.swift; sourceTree = "<group>"; };
		46AC17AE27148C61003F0773 /* PlanRecommandationCourseView.swift */ = {isa = PBXFileReference; lastKnownFileType = sourcecode.swift; path = PlanRecommandationCourseView.swift; sourceTree = "<group>"; };
		46B2CED52684D9B8009A006B /* CourseChatView.swift */ = {isa = PBXFileReference; lastKnownFileType = sourcecode.swift; path = CourseChatView.swift; sourceTree = "<group>"; };
		46C7764C268BCCFB00264401 /* GoogleService-Info.plist */ = {isa = PBXFileReference; fileEncoding = 4; lastKnownFileType = text.plist.xml; path = "GoogleService-Info.plist"; sourceTree = "<group>"; };
		46C7764E268BD1CE00264401 /* SignInView.swift */ = {isa = PBXFileReference; lastKnownFileType = sourcecode.swift; path = SignInView.swift; sourceTree = "<group>"; };
		46C77650268C119F00264401 /* RegisterView.swift */ = {isa = PBXFileReference; lastKnownFileType = sourcecode.swift; path = RegisterView.swift; sourceTree = "<group>"; };
		46C77652268C1D6C00264401 /* defaultsKeys.swift */ = {isa = PBXFileReference; lastKnownFileType = sourcecode.swift; path = defaultsKeys.swift; sourceTree = "<group>"; };
		46D04D122715000400981CCA /* MyPlanCourseView.swift */ = {isa = PBXFileReference; lastKnownFileType = sourcecode.swift; path = MyPlanCourseView.swift; sourceTree = "<group>"; };
		46D5C5FD2695663D006EBDB5 /* FriendDetailView.swift */ = {isa = PBXFileReference; lastKnownFileType = sourcecode.swift; path = FriendDetailView.swift; sourceTree = "<group>"; };
		46DC79CC2713A25B00201D60 /* Avatar.swift */ = {isa = PBXFileReference; lastKnownFileType = sourcecode.swift; path = Avatar.swift; sourceTree = "<group>"; };
		46DC79D12713A78200201D60 /* AllCourseStudentsView.swift */ = {isa = PBXFileReference; lastKnownFileType = sourcecode.swift; path = AllCourseStudentsView.swift; sourceTree = "<group>"; };
		46E2E03E2687CCA70071649B /* FriendsChatRowView.swift */ = {isa = PBXFileReference; lastKnownFileType = sourcecode.swift; path = FriendsChatRowView.swift; sourceTree = "<group>"; };
		46E2E0402687CE210071649B /* FriendChat.swift */ = {isa = PBXFileReference; lastKnownFileType = sourcecode.swift; path = FriendChat.swift; sourceTree = "<group>"; };
		46E2E0422687CF680071649B /* FriendsFilterByCourseView.swift */ = {isa = PBXFileReference; lastKnownFileType = sourcecode.swift; path = FriendsFilterByCourseView.swift; sourceTree = "<group>"; };
		46E2E0442687D3C40071649B /* Date++.swift */ = {isa = PBXFileReference; lastKnownFileType = sourcecode.swift; path = "Date++.swift"; sourceTree = "<group>"; };
		46E2E0462687D8590071649B /* FriendsChatListView.swift */ = {isa = PBXFileReference; lastKnownFileType = sourcecode.swift; path = FriendsChatListView.swift; sourceTree = "<group>"; };
		46E2E0482687D90E0071649B /* FriendsChatView.swift */ = {isa = PBXFileReference; lastKnownFileType = sourcecode.swift; path = FriendsChatView.swift; sourceTree = "<group>"; };
		46E2E04A2687DE030071649B /* Media.swift */ = {isa = PBXFileReference; lastKnownFileType = sourcecode.swift; path = Media.swift; sourceTree = "<group>"; };
		46F2E46F2688353A002DDE18 /* FriendsMoreInfoView.swift */ = {isa = PBXFileReference; lastKnownFileType = sourcecode.swift; path = FriendsMoreInfoView.swift; sourceTree = "<group>"; };
		46F2E47126883AE5002DDE18 /* CourseChatMoreInfoView.swift */ = {isa = PBXFileReference; lastKnownFileType = sourcecode.swift; path = CourseChatMoreInfoView.swift; sourceTree = "<group>"; };
		46FD121F26928D19005965B0 /* PushNotificaiotnSender.swift */ = {isa = PBXFileReference; lastKnownFileType = sourcecode.swift; path = PushNotificaiotnSender.swift; sourceTree = "<group>"; };
/* End PBXFileReference section */

/* Begin PBXFrameworksBuildPhase section */
		463B7A8A2708C07F00C1234A /* Frameworks */ = {
			isa = PBXFrameworksBuildPhase;
			buildActionMask = 2147483647;
			files = (
			);
			runOnlyForDeploymentPostprocessing = 0;
		};
		46969C3126804CD000A82666 /* Frameworks */ = {
			isa = PBXFrameworksBuildPhase;
			buildActionMask = 2147483647;
			files = (
				463D8452269A5B1D00CEB91E /* Kingfisher in Frameworks */,
				463D844826980DC200CEB91E /* FirebaseStorageSwift-Beta in Frameworks */,
				468DAE32268E9EE100A270E4 /* FirebaseMessaging in Frameworks */,
				463862CF26961B7300C85153 /* Introspect in Frameworks */,
				46C77647268BCBF500264401 /* FirebaseAuth in Frameworks */,
				46C77643268BCBF500264401 /* FirebaseFirestoreSwift-Beta in Frameworks */,
			);
			runOnlyForDeploymentPostprocessing = 0;
		};
/* End PBXFrameworksBuildPhase section */

/* Begin PBXGroup section */
		461718B526863B2B005F12F7 /* Extensions */ = {
			isa = PBXGroup;
			children = (
				4633100626855C2F00E63D68 /* UINavigationController++.swift */,
				461718C4268676D9005F12F7 /* UIImage++.swift */,
				461807452686C0830001252C /* UIViewController++.swift */,
				46E2E0442687D3C40071649B /* Date++.swift */,
				463A0CD92689389A0028C55A /* String++.swift */,
				463A0CDB26893F0A0028C55A /* View++.swift */,
				4697E5D626900E2C005AE2E8 /* UserDefaults++.swift */,
				4697E5D826901B8A005AE2E8 /* Codable++.swift */,
				4697E5DA2690C00F005AE2E8 /* Published++.swift */,
			);
			path = Extensions;
			sourceTree = "<group>";
		};
		461718B626863B80005F12F7 /* Model */ = {
			isa = PBXGroup;
			children = (
				46802907268449B4000ADC22 /* Course.swift */,
				465E61ED268F6FF900AC2D47 /* CoursesContainer.swift */,
				46330FFC2685500600E63D68 /* User.swift */,
				46330FFF2685502800E63D68 /* Message.swift */,
				46E2E0402687CE210071649B /* FriendChat.swift */,
				4697E5D4268FBA74005AE2E8 /* FriendsContainer.swift */,
				46E2E04A2687DE030071649B /* Media.swift */,
			);
			path = Model;
			sourceTree = "<group>";
		};
		461718B726863B8F005F12F7 /* Module */ = {
			isa = PBXGroup;
			children = (
				461718BD26863E4C005F12F7 /* Main */,
				46C77640268BC88600264401 /* Auth */,
				461718B826863BBB005F12F7 /* Home */,
				461718BB26863BEC005F12F7 /* Course */,
				461718B926863BCD005F12F7 /* Friends */,
				461718BA26863BDE005F12F7 /* Plan */,
				461718BC26863C0A005F12F7 /* Me */,
				463310032685509900E63D68 /* Message */,
			);
			path = Module;
			sourceTree = "<group>";
		};
		461718B826863BBB005F12F7 /* Home */ = {
			isa = PBXGroup;
			children = (
				4680290126843049000ADC22 /* HomeView.swift */,
			);
			path = Home;
			sourceTree = "<group>";
		};
		461718B926863BCD005F12F7 /* Friends */ = {
			isa = PBXGroup;
			children = (
				4680290326843061000ADC22 /* FriendsView.swift */,
				46E2E03E2687CCA70071649B /* FriendsChatRowView.swift */,
				46E2E0422687CF680071649B /* FriendsFilterByCourseView.swift */,
				46E2E0462687D8590071649B /* FriendsChatListView.swift */,
				46E2E0482687D90E0071649B /* FriendsChatView.swift */,
				46F2E46F2688353A002DDE18 /* FriendsMoreInfoView.swift */,
				463A0CD726884F5F0028C55A /* AddNewFriendView.swift */,
				463243C4269518CF00E8B392 /* SearchFriendsView.swift */,
				46D5C5FD2695663D006EBDB5 /* FriendDetailView.swift */,
			);
			path = Friends;
			sourceTree = "<group>";
		};
		461718BA26863BDE005F12F7 /* Plan */ = {
			isa = PBXGroup;
			children = (
				46AC17AD27148C3F003F0773 /* PlanRecommandations */,
				468028FF26843000000ADC22 /* PlanView.swift */,
				463B7AD22708FF7600C1234A /* EditPlanView.swift */,
				463B7AD42708FFB200C1234A /* SearchCoursesView.swift */,
				46AC17AB27148B23003F0773 /* MyPlanView.swift */,
				46D04D122715000400981CCA /* MyPlanCourseView.swift */,
			);
			path = Plan;
			sourceTree = "<group>";
		};
		461718BB26863BEC005F12F7 /* Course */ = {
			isa = PBXGroup;
			children = (
				46DC79CE2713A60000201D60 /* CourseDetails */,
				46B2CED52684D9B8009A006B /* CourseChatView.swift */,
				465E61EF268F925700AC2D47 /* CourseEntryView.swift */,
				4671063226934F1C0001BED7 /* AddCourseView.swift */,
			);
			path = Course;
			sourceTree = "<group>";
		};
		461718BC26863C0A005F12F7 /* Me */ = {
			isa = PBXGroup;
			children = (
				4663315C2712543600F2F845 /* Components */,
				4680290526843070000ADC22 /* MeView.swift */,
				463B7ACE2708FAEE00C1234A /* MeSettingView.swift */,
			);
			path = Me;
			sourceTree = "<group>";
		};
		461718BD26863E4C005F12F7 /* Main */ = {
			isa = PBXGroup;
			children = (
				46969C3926804CD000A82666 /* MainView.swift */,
				4697E5DC2690F030005AE2E8 /* AppViewModel.swift */,
			);
			path = Main;
			sourceTree = "<group>";
		};
		461718C0268673B7005F12F7 /* Components */ = {
			isa = PBXGroup;
			children = (
				461718BE26867391005F12F7 /* ChatSendBar.swift */,
				461718C1268673D2005F12F7 /* Separator.swift */,
				465E61EB268F6EDC00AC2D47 /* NotificationNumLabel.swift */,
				463D84492698979700CEB91E /* ImagePicker.swift */,
				46DC79CC2713A25B00201D60 /* Avatar.swift */,
			);
			path = Components;
			sourceTree = "<group>";
		};
		4617911A27029FD400C55F6D /* Registration */ = {
			isa = PBXGroup;
			children = (
				46C77650268C119F00264401 /* RegisterView.swift */,
				462B16952702A04500B0585B /* UniversityPickerView.swift */,
			);
			path = Registration;
			sourceTree = "<group>";
		};
		463310032685509900E63D68 /* Message */ = {
			isa = PBXGroup;
			children = (
				463310012685508F00E63D68 /* MessageListView.swift */,
				464F368C268D150D00C32FC2 /* MessageRowView.swift */,
			);
			path = Message;
			sourceTree = "<group>";
		};
		463B7A8E2708C07F00C1234A /* AcademixTests */ = {
			isa = PBXGroup;
			children = (
				463B7A962708C14200C1234A /* ExtentionTests.swift */,
			);
			path = AcademixTests;
			sourceTree = "<group>";
		};
		4663315C2712543600F2F845 /* Components */ = {
			isa = PBXGroup;
			children = (
				46633157271249E400F2F845 /* CourseCardView.swift */,
				4663315D2712547900F2F845 /* InterestsBubbleMagneticView.swift */,
			);
			path = Components;
			sourceTree = "<group>";
		};
		468DAE30268E9EE100A270E4 /* Frameworks */ = {
			isa = PBXGroup;
			children = (
			);
			name = Frameworks;
			sourceTree = "<group>";
		};
		46969C2B26804CD000A82666 = {
			isa = PBXGroup;
			children = (
				46969C3626804CD000A82666 /* Academix */,
				463B7A8E2708C07F00C1234A /* AcademixTests */,
				46969C3526804CD000A82666 /* Products */,
				468DAE30268E9EE100A270E4 /* Frameworks */,
			);
			sourceTree = "<group>";
		};
		46969C3526804CD000A82666 /* Products */ = {
			isa = PBXGroup;
			children = (
				46969C3426804CD000A82666 /* Academix.app */,
				463B7A8D2708C07F00C1234A /* AcademixTests.xctest */,
			);
			name = Products;
			sourceTree = "<group>";
		};
		46969C3626804CD000A82666 /* Academix */ = {
			isa = PBXGroup;
			children = (
				46A0CEE2268E5AC80017F2D6 /* Academix.entitlements */,
				46969C3726804CD000A82666 /* AcademixApp.swift */,
				46A0CEE0268E59270017F2D6 /* AppDelegate.swift */,
				46969C3B26804CD100A82666 /* Assets.xcassets */,
				461718C0268673B7005F12F7 /* Components */,
				461718B726863B8F005F12F7 /* Module */,
				461718B626863B80005F12F7 /* Model */,
				461718B526863B2B005F12F7 /* Extensions */,
				46FD121E26928CE4005965B0 /* Supporting files */,
				46969C3D26804CD100A82666 /* Preview Content */,
				46969C4026804CD100A82666 /* Info.plist */,
				46C7764C268BCCFB00264401 /* GoogleService-Info.plist */,
				4663D5CF268A81F3008C0256 /* Localizable.strings */,
			);
			path = Academix;
			sourceTree = "<group>";
		};
		46969C3D26804CD100A82666 /* Preview Content */ = {
			isa = PBXGroup;
			children = (
				46969C3E26804CD100A82666 /* Preview Assets.xcassets */,
			);
			path = "Preview Content";
			sourceTree = "<group>";
		};
		46AC17AD27148C3F003F0773 /* PlanRecommandations */ = {
			isa = PBXGroup;
			children = (
				46AC17A927148B11003F0773 /* PlanRecommandationView.swift */,
				46AC17AE27148C61003F0773 /* PlanRecommandationCourseView.swift */,
			);
			path = PlanRecommandations;
			sourceTree = "<group>";
		};
		46C77640268BC88600264401 /* Auth */ = {
			isa = PBXGroup;
			children = (
				4617911A27029FD400C55F6D /* Registration */,
				46C7764E268BD1CE00264401 /* SignInView.swift */,
				463243C22694A68600E8B392 /* ForgotPasswordView.swift */,
			);
			path = Auth;
			sourceTree = "<group>";
		};
		46DC79CE2713A60000201D60 /* CourseDetails */ = {
			isa = PBXGroup;
			children = (
				46F2E47126883AE5002DDE18 /* CourseChatMoreInfoView.swift */,
				46DC79D12713A78200201D60 /* AllCourseStudentsView.swift */,
			);
			path = CourseDetails;
			sourceTree = "<group>";
		};
		46FD121E26928CE4005965B0 /* Supporting files */ = {
			isa = PBXGroup;
			children = (
				46C77652268C1D6C00264401 /* defaultsKeys.swift */,
				46FD121F26928D19005965B0 /* PushNotificaiotnSender.swift */,
			);
			path = "Supporting files";
			sourceTree = "<group>";
		};
/* End PBXGroup section */

/* Begin PBXNativeTarget section */
		463B7A8C2708C07F00C1234A /* AcademixTests */ = {
			isa = PBXNativeTarget;
			buildConfigurationList = 463B7A932708C07F00C1234A /* Build configuration list for PBXNativeTarget "AcademixTests" */;
			buildPhases = (
				463B7A892708C07F00C1234A /* Sources */,
				463B7A8A2708C07F00C1234A /* Frameworks */,
				463B7A8B2708C07F00C1234A /* Resources */,
			);
			buildRules = (
			);
			dependencies = (
				463B7A922708C07F00C1234A /* PBXTargetDependency */,
			);
			name = AcademixTests;
			productName = AcademixTests;
			productReference = 463B7A8D2708C07F00C1234A /* AcademixTests.xctest */;
			productType = "com.apple.product-type.bundle.unit-test";
		};
		46969C3326804CD000A82666 /* Academix */ = {
			isa = PBXNativeTarget;
			buildConfigurationList = 46969C4326804CD100A82666 /* Build configuration list for PBXNativeTarget "Academix" */;
			buildPhases = (
				46969C3026804CD000A82666 /* Sources */,
				46969C3126804CD000A82666 /* Frameworks */,
				46969C3226804CD000A82666 /* Resources */,
			);
			buildRules = (
			);
			dependencies = (
			);
			name = Academix;
			packageProductDependencies = (
				46C77642268BCBF500264401 /* FirebaseFirestoreSwift-Beta */,
				46C77646268BCBF500264401 /* FirebaseAuth */,
				468DAE31268E9EE100A270E4 /* FirebaseMessaging */,
				463862CE26961B7300C85153 /* Introspect */,
				463D844726980DC200CEB91E /* FirebaseStorageSwift-Beta */,
				463D8451269A5B1D00CEB91E /* Kingfisher */,
			);
			productName = Academix;
			productReference = 46969C3426804CD000A82666 /* Academix.app */;
			productType = "com.apple.product-type.application";
		};
/* End PBXNativeTarget section */

/* Begin PBXProject section */
		46969C2C26804CD000A82666 /* Project object */ = {
			isa = PBXProject;
			attributes = {
				LastSwiftUpdateCheck = 1300;
				LastUpgradeCheck = 1250;
				TargetAttributes = {
					463B7A8C2708C07F00C1234A = {
						CreatedOnToolsVersion = 13.0;
						TestTargetID = 46969C3326804CD000A82666;
					};
					46969C3326804CD000A82666 = {
						CreatedOnToolsVersion = 12.5;
					};
				};
			};
			buildConfigurationList = 46969C2F26804CD000A82666 /* Build configuration list for PBXProject "Academix" */;
			compatibilityVersion = "Xcode 12.0";
			developmentRegion = en;
			hasScannedForEncodings = 0;
			knownRegions = (
				en,
				Base,
				"zh-Hans",
			);
			mainGroup = 46969C2B26804CD000A82666;
			packageReferences = (
				46C77641268BCBF500264401 /* XCRemoteSwiftPackageReference "firebase-ios-sdk" */,
				463862CD26961B7300C85153 /* XCRemoteSwiftPackageReference "SwiftUI-Introspect" */,
				463D8450269A5B1C00CEB91E /* XCRemoteSwiftPackageReference "Kingfisher" */,
			);
			productRefGroup = 46969C3526804CD000A82666 /* Products */;
			projectDirPath = "";
			projectRoot = "";
			targets = (
				46969C3326804CD000A82666 /* Academix */,
				463B7A8C2708C07F00C1234A /* AcademixTests */,
			);
		};
/* End PBXProject section */

/* Begin PBXResourcesBuildPhase section */
		463B7A8B2708C07F00C1234A /* Resources */ = {
			isa = PBXResourcesBuildPhase;
			buildActionMask = 2147483647;
			files = (
			);
			runOnlyForDeploymentPostprocessing = 0;
		};
		46969C3226804CD000A82666 /* Resources */ = {
			isa = PBXResourcesBuildPhase;
			buildActionMask = 2147483647;
			files = (
				46969C3F26804CD100A82666 /* Preview Assets.xcassets in Resources */,
				46C7764D268BCCFB00264401 /* GoogleService-Info.plist in Resources */,
				46969C3C26804CD100A82666 /* Assets.xcassets in Resources */,
				4663D5CD268A81F3008C0256 /* Localizable.strings in Resources */,
			);
			runOnlyForDeploymentPostprocessing = 0;
		};
/* End PBXResourcesBuildPhase section */

/* Begin PBXSourcesBuildPhase section */
		463B7A892708C07F00C1234A /* Sources */ = {
			isa = PBXSourcesBuildPhase;
			buildActionMask = 2147483647;
			files = (
				463B7A972708C14200C1234A /* ExtentionTests.swift in Sources */,
			);
			runOnlyForDeploymentPostprocessing = 0;
		};
		46969C3026804CD000A82666 /* Sources */ = {
			isa = PBXSourcesBuildPhase;
			buildActionMask = 2147483647;
			files = (
				462B16962702A04500B0585B /* UniversityPickerView.swift in Sources */,
				463B7ACF2708FAEE00C1234A /* MeSettingView.swift in Sources */,
				463310022685508F00E63D68 /* MessageListView.swift in Sources */,
				463D844A2698979700CEB91E /* ImagePicker.swift in Sources */,
				46D04D132715000400981CCA /* MyPlanCourseView.swift in Sources */,
				46C77653268C1D6C00264401 /* defaultsKeys.swift in Sources */,
				4697E5DD2690F030005AE2E8 /* AppViewModel.swift in Sources */,
				46AC17AA27148B11003F0773 /* PlanRecommandationView.swift in Sources */,
				46D5C5FE2695663D006EBDB5 /* FriendDetailView.swift in Sources */,
				461718C5268676D9005F12F7 /* UIImage++.swift in Sources */,
				46C77651268C119F00264401 /* RegisterView.swift in Sources */,
				46DC79D22713A78200201D60 /* AllCourseStudentsView.swift in Sources */,
				46E2E0412687CE210071649B /* FriendChat.swift in Sources */,
				463B7AD52708FFB200C1234A /* SearchCoursesView.swift in Sources */,
				4680290626843070000ADC22 /* MeView.swift in Sources */,
				46E2E0452687D3C40071649B /* Date++.swift in Sources */,
				461718C2268673D2005F12F7 /* Separator.swift in Sources */,
				465E61EC268F6EDC00AC2D47 /* NotificationNumLabel.swift in Sources */,
				465E61F0268F925700AC2D47 /* CourseEntryView.swift in Sources */,
				4697E5D926901B8A005AE2E8 /* Codable++.swift in Sources */,
				46E2E03F2687CCA70071649B /* FriendsChatRowView.swift in Sources */,
				46E2E0432687CF680071649B /* FriendsFilterByCourseView.swift in Sources */,
				4680290426843061000ADC22 /* FriendsView.swift in Sources */,
				46E2E0492687D90F0071649B /* FriendsChatView.swift in Sources */,
				46969C3A26804CD000A82666 /* MainView.swift in Sources */,
				46802908268449B4000ADC22 /* Course.swift in Sources */,
				46F2E47226883AE5002DDE18 /* CourseChatMoreInfoView.swift in Sources */,
				4680290226843049000ADC22 /* HomeView.swift in Sources */,
				463A0CDA2689389A0028C55A /* String++.swift in Sources */,
				46B2CED62684D9B8009A006B /* CourseChatView.swift in Sources */,
				46E2E04B2687DE030071649B /* Media.swift in Sources */,
				46AC17AC27148B23003F0773 /* MyPlanView.swift in Sources */,
				4671063326934F1C0001BED7 /* AddCourseView.swift in Sources */,
				46633158271249E400F2F845 /* CourseCardView.swift in Sources */,
				46DC79CD2713A25B00201D60 /* Avatar.swift in Sources */,
				461807462686C0830001252C /* UIViewController++.swift in Sources */,
				46C7764F268BD1CE00264401 /* SignInView.swift in Sources */,
				46F2E4702688353A002DDE18 /* FriendsMoreInfoView.swift in Sources */,
				4663315E2712547900F2F845 /* InterestsBubbleMagneticView.swift in Sources */,
				463A0CD826884F5F0028C55A /* AddNewFriendView.swift in Sources */,
				464F368D268D150D00C32FC2 /* MessageRowView.swift in Sources */,
				461718BF26867391005F12F7 /* ChatSendBar.swift in Sources */,
				46AC17AF27148C61003F0773 /* PlanRecommandationCourseView.swift in Sources */,
				463310002685502800E63D68 /* Message.swift in Sources */,
				46969C3826804CD000A82666 /* AcademixApp.swift in Sources */,
				4697E5D726900E2C005AE2E8 /* UserDefaults++.swift in Sources */,
				463243C5269518CF00E8B392 /* SearchFriendsView.swift in Sources */,
				4633100726855C2F00E63D68 /* UINavigationController++.swift in Sources */,
				46330FFD2685500600E63D68 /* User.swift in Sources */,
				463A0CDC26893F0A0028C55A /* View++.swift in Sources */,
				465E61EE268F6FF900AC2D47 /* CoursesContainer.swift in Sources */,
				4680290026843000000ADC22 /* PlanView.swift in Sources */,
				4697E5D5268FBA74005AE2E8 /* FriendsContainer.swift in Sources */,
				4697E5DB2690C00F005AE2E8 /* Published++.swift in Sources */,
				46FD122026928D19005965B0 /* PushNotificaiotnSender.swift in Sources */,
				46A0CEE1268E59270017F2D6 /* AppDelegate.swift in Sources */,
				463B7AD32708FF7600C1234A /* EditPlanView.swift in Sources */,
				463243C32694A68600E8B392 /* ForgotPasswordView.swift in Sources */,
				46E2E0472687D8590071649B /* FriendsChatListView.swift in Sources */,
			);
			runOnlyForDeploymentPostprocessing = 0;
		};
/* End PBXSourcesBuildPhase section */

/* Begin PBXTargetDependency section */
		463B7A922708C07F00C1234A /* PBXTargetDependency */ = {
			isa = PBXTargetDependency;
			target = 46969C3326804CD000A82666 /* Academix */;
			targetProxy = 463B7A912708C07F00C1234A /* PBXContainerItemProxy */;
		};
/* End PBXTargetDependency section */

/* Begin PBXVariantGroup section */
		4663D5CF268A81F3008C0256 /* Localizable.strings */ = {
			isa = PBXVariantGroup;
			children = (
				4663D5CE268A81F3008C0256 /* en */,
				4663D5D0268A81F9008C0256 /* zh-Hans */,
			);
			name = Localizable.strings;
			sourceTree = "<group>";
		};
/* End PBXVariantGroup section */

/* Begin XCBuildConfiguration section */
		463B7A942708C07F00C1234A /* Debug */ = {
			isa = XCBuildConfiguration;
			buildSettings = {
				BUNDLE_LOADER = "$(TEST_HOST)";
				CLANG_CXX_LANGUAGE_STANDARD = "gnu++17";
				CODE_SIGN_STYLE = Automatic;
				CURRENT_PROJECT_VERSION = 1;
				DEVELOPMENT_TEAM = WWY4FZL2UH;
				GENERATE_INFOPLIST_FILE = YES;
				IPHONEOS_DEPLOYMENT_TARGET = 15.0;
				LD_RUNPATH_SEARCH_PATHS = (
					"$(inherited)",
					"@executable_path/Frameworks",
					"@loader_path/Frameworks",
				);
				MARKETING_VERSION = 1.0;
				PRODUCT_BUNDLE_IDENTIFIER = changhao.song.AcademixTests;
				PRODUCT_NAME = "$(TARGET_NAME)";
				SWIFT_EMIT_LOC_STRINGS = NO;
				SWIFT_VERSION = 5.0;
				TARGETED_DEVICE_FAMILY = "1,2";
				TEST_HOST = "$(BUILT_PRODUCTS_DIR)/Academix.app/Academix";
			};
			name = Debug;
		};
		463B7A952708C07F00C1234A /* Release */ = {
			isa = XCBuildConfiguration;
			buildSettings = {
				BUNDLE_LOADER = "$(TEST_HOST)";
				CLANG_CXX_LANGUAGE_STANDARD = "gnu++17";
				CODE_SIGN_STYLE = Automatic;
				CURRENT_PROJECT_VERSION = 1;
				DEVELOPMENT_TEAM = WWY4FZL2UH;
				GENERATE_INFOPLIST_FILE = YES;
				IPHONEOS_DEPLOYMENT_TARGET = 15.0;
				LD_RUNPATH_SEARCH_PATHS = (
					"$(inherited)",
					"@executable_path/Frameworks",
					"@loader_path/Frameworks",
				);
				MARKETING_VERSION = 1.0;
				PRODUCT_BUNDLE_IDENTIFIER = changhao.song.AcademixTests;
				PRODUCT_NAME = "$(TARGET_NAME)";
				SWIFT_EMIT_LOC_STRINGS = NO;
				SWIFT_VERSION = 5.0;
				TARGETED_DEVICE_FAMILY = "1,2";
				TEST_HOST = "$(BUILT_PRODUCTS_DIR)/Academix.app/Academix";
			};
			name = Release;
		};
		46969C4126804CD100A82666 /* Debug */ = {
			isa = XCBuildConfiguration;
			buildSettings = {
				ALWAYS_SEARCH_USER_PATHS = NO;
				CLANG_ANALYZER_NONNULL = YES;
				CLANG_ANALYZER_NUMBER_OBJECT_CONVERSION = YES_AGGRESSIVE;
				CLANG_CXX_LANGUAGE_STANDARD = "gnu++14";
				CLANG_CXX_LIBRARY = "libc++";
				CLANG_ENABLE_MODULES = YES;
				CLANG_ENABLE_OBJC_ARC = YES;
				CLANG_ENABLE_OBJC_WEAK = YES;
				CLANG_WARN_BLOCK_CAPTURE_AUTORELEASING = YES;
				CLANG_WARN_BOOL_CONVERSION = YES;
				CLANG_WARN_COMMA = YES;
				CLANG_WARN_CONSTANT_CONVERSION = YES;
				CLANG_WARN_DEPRECATED_OBJC_IMPLEMENTATIONS = YES;
				CLANG_WARN_DIRECT_OBJC_ISA_USAGE = YES_ERROR;
				CLANG_WARN_DOCUMENTATION_COMMENTS = YES;
				CLANG_WARN_EMPTY_BODY = YES;
				CLANG_WARN_ENUM_CONVERSION = YES;
				CLANG_WARN_INFINITE_RECURSION = YES;
				CLANG_WARN_INT_CONVERSION = YES;
				CLANG_WARN_NON_LITERAL_NULL_CONVERSION = YES;
				CLANG_WARN_OBJC_IMPLICIT_RETAIN_SELF = YES;
				CLANG_WARN_OBJC_LITERAL_CONVERSION = YES;
				CLANG_WARN_OBJC_ROOT_CLASS = YES_ERROR;
				CLANG_WARN_QUOTED_INCLUDE_IN_FRAMEWORK_HEADER = YES;
				CLANG_WARN_RANGE_LOOP_ANALYSIS = YES;
				CLANG_WARN_STRICT_PROTOTYPES = YES;
				CLANG_WARN_SUSPICIOUS_MOVE = YES;
				CLANG_WARN_UNGUARDED_AVAILABILITY = YES_AGGRESSIVE;
				CLANG_WARN_UNREACHABLE_CODE = YES;
				CLANG_WARN__DUPLICATE_METHOD_MATCH = YES;
				COPY_PHASE_STRIP = NO;
				DEBUG_INFORMATION_FORMAT = dwarf;
				ENABLE_STRICT_OBJC_MSGSEND = YES;
				ENABLE_TESTABILITY = YES;
				GCC_C_LANGUAGE_STANDARD = gnu11;
				GCC_DYNAMIC_NO_PIC = NO;
				GCC_NO_COMMON_BLOCKS = YES;
				GCC_OPTIMIZATION_LEVEL = 0;
				GCC_PREPROCESSOR_DEFINITIONS = (
					"DEBUG=1",
					"$(inherited)",
				);
				GCC_WARN_64_TO_32_BIT_CONVERSION = YES;
				GCC_WARN_ABOUT_RETURN_TYPE = YES_ERROR;
				GCC_WARN_UNDECLARED_SELECTOR = YES;
				GCC_WARN_UNINITIALIZED_AUTOS = YES_AGGRESSIVE;
				GCC_WARN_UNUSED_FUNCTION = YES;
				GCC_WARN_UNUSED_VARIABLE = YES;
				IPHONEOS_DEPLOYMENT_TARGET = 14.1;
				MTL_ENABLE_DEBUG_INFO = INCLUDE_SOURCE;
				MTL_FAST_MATH = YES;
				ONLY_ACTIVE_ARCH = YES;
				SDKROOT = iphoneos;
				SWIFT_ACTIVE_COMPILATION_CONDITIONS = DEBUG;
				SWIFT_OPTIMIZATION_LEVEL = "-Onone";
				SWIFT_VERSION = 5.0;
			};
			name = Debug;
		};
		46969C4226804CD100A82666 /* Release */ = {
			isa = XCBuildConfiguration;
			buildSettings = {
				ALWAYS_SEARCH_USER_PATHS = NO;
				CLANG_ANALYZER_NONNULL = YES;
				CLANG_ANALYZER_NUMBER_OBJECT_CONVERSION = YES_AGGRESSIVE;
				CLANG_CXX_LANGUAGE_STANDARD = "gnu++14";
				CLANG_CXX_LIBRARY = "libc++";
				CLANG_ENABLE_MODULES = YES;
				CLANG_ENABLE_OBJC_ARC = YES;
				CLANG_ENABLE_OBJC_WEAK = YES;
				CLANG_WARN_BLOCK_CAPTURE_AUTORELEASING = YES;
				CLANG_WARN_BOOL_CONVERSION = YES;
				CLANG_WARN_COMMA = YES;
				CLANG_WARN_CONSTANT_CONVERSION = YES;
				CLANG_WARN_DEPRECATED_OBJC_IMPLEMENTATIONS = YES;
				CLANG_WARN_DIRECT_OBJC_ISA_USAGE = YES_ERROR;
				CLANG_WARN_DOCUMENTATION_COMMENTS = YES;
				CLANG_WARN_EMPTY_BODY = YES;
				CLANG_WARN_ENUM_CONVERSION = YES;
				CLANG_WARN_INFINITE_RECURSION = YES;
				CLANG_WARN_INT_CONVERSION = YES;
				CLANG_WARN_NON_LITERAL_NULL_CONVERSION = YES;
				CLANG_WARN_OBJC_IMPLICIT_RETAIN_SELF = YES;
				CLANG_WARN_OBJC_LITERAL_CONVERSION = YES;
				CLANG_WARN_OBJC_ROOT_CLASS = YES_ERROR;
				CLANG_WARN_QUOTED_INCLUDE_IN_FRAMEWORK_HEADER = YES;
				CLANG_WARN_RANGE_LOOP_ANALYSIS = YES;
				CLANG_WARN_STRICT_PROTOTYPES = YES;
				CLANG_WARN_SUSPICIOUS_MOVE = YES;
				CLANG_WARN_UNGUARDED_AVAILABILITY = YES_AGGRESSIVE;
				CLANG_WARN_UNREACHABLE_CODE = YES;
				CLANG_WARN__DUPLICATE_METHOD_MATCH = YES;
				COPY_PHASE_STRIP = NO;
				DEBUG_INFORMATION_FORMAT = "dwarf-with-dsym";
				ENABLE_NS_ASSERTIONS = NO;
				ENABLE_STRICT_OBJC_MSGSEND = YES;
				GCC_C_LANGUAGE_STANDARD = gnu11;
				GCC_NO_COMMON_BLOCKS = YES;
				GCC_WARN_64_TO_32_BIT_CONVERSION = YES;
				GCC_WARN_ABOUT_RETURN_TYPE = YES_ERROR;
				GCC_WARN_UNDECLARED_SELECTOR = YES;
				GCC_WARN_UNINITIALIZED_AUTOS = YES_AGGRESSIVE;
				GCC_WARN_UNUSED_FUNCTION = YES;
				GCC_WARN_UNUSED_VARIABLE = YES;
				IPHONEOS_DEPLOYMENT_TARGET = 14.1;
				MTL_ENABLE_DEBUG_INFO = NO;
				MTL_FAST_MATH = YES;
				SDKROOT = iphoneos;
				SWIFT_COMPILATION_MODE = wholemodule;
				SWIFT_OPTIMIZATION_LEVEL = "-O";
				SWIFT_VERSION = 5.0;
				VALIDATE_PRODUCT = YES;
			};
			name = Release;
		};
		46969C4426804CD100A82666 /* Debug */ = {
			isa = XCBuildConfiguration;
			buildSettings = {
				ASSETCATALOG_COMPILER_APPICON_NAME = AppIcon;
				ASSETCATALOG_COMPILER_GLOBAL_ACCENT_COLOR_NAME = AccentColor;
				CODE_SIGN_ENTITLEMENTS = Academix/AcademixDebug.entitlements;
				CODE_SIGN_STYLE = Automatic;
				CURRENT_PROJECT_VERSION = 1;
				DEVELOPMENT_ASSET_PATHS = "\"Academix/Preview Content\"";
				DEVELOPMENT_TEAM = WWY4FZL2UH;
				ENABLE_PREVIEWS = YES;
				INFOPLIST_FILE = Academix/Info.plist;
				IPHONEOS_DEPLOYMENT_TARGET = 14.1;
				LD_RUNPATH_SEARCH_PATHS = (
					"$(inherited)",
					"@executable_path/Frameworks",
				);
				MARKETING_VERSION = 1.1;
				PRODUCT_BUNDLE_IDENTIFIER = com.changhao.song.Academix;
				PRODUCT_NAME = "$(TARGET_NAME)";
				SWIFT_VERSION = 5.0;
				TARGETED_DEVICE_FAMILY = 1;
			};
			name = Debug;
		};
		46969C4526804CD100A82666 /* Release */ = {
			isa = XCBuildConfiguration;
			buildSettings = {
				ASSETCATALOG_COMPILER_APPICON_NAME = AppIcon;
				ASSETCATALOG_COMPILER_GLOBAL_ACCENT_COLOR_NAME = AccentColor;
				CODE_SIGN_ENTITLEMENTS = Academix/Academix.entitlements;
				CODE_SIGN_STYLE = Automatic;
				CURRENT_PROJECT_VERSION = 1;
				DEVELOPMENT_ASSET_PATHS = "\"Academix/Preview Content\"";
				DEVELOPMENT_TEAM = WWY4FZL2UH;
				ENABLE_PREVIEWS = YES;
				INFOPLIST_FILE = Academix/Info.plist;
				IPHONEOS_DEPLOYMENT_TARGET = 14.1;
				LD_RUNPATH_SEARCH_PATHS = (
					"$(inherited)",
					"@executable_path/Frameworks",
				);
				MARKETING_VERSION = 1.1;
				PRODUCT_BUNDLE_IDENTIFIER = com.changhao.song.Academix;
				PRODUCT_NAME = "$(TARGET_NAME)";
				SWIFT_VERSION = 5.0;
				TARGETED_DEVICE_FAMILY = 1;
			};
			name = Release;
		};
/* End XCBuildConfiguration section */

/* Begin XCConfigurationList section */
		463B7A932708C07F00C1234A /* Build configuration list for PBXNativeTarget "AcademixTests" */ = {
			isa = XCConfigurationList;
			buildConfigurations = (
				463B7A942708C07F00C1234A /* Debug */,
				463B7A952708C07F00C1234A /* Release */,
			);
			defaultConfigurationIsVisible = 0;
			defaultConfigurationName = Release;
		};
		46969C2F26804CD000A82666 /* Build configuration list for PBXProject "Academix" */ = {
			isa = XCConfigurationList;
			buildConfigurations = (
				46969C4126804CD100A82666 /* Debug */,
				46969C4226804CD100A82666 /* Release */,
			);
			defaultConfigurationIsVisible = 0;
			defaultConfigurationName = Release;
		};
		46969C4326804CD100A82666 /* Build configuration list for PBXNativeTarget "Academix" */ = {
			isa = XCConfigurationList;
			buildConfigurations = (
				46969C4426804CD100A82666 /* Debug */,
				46969C4526804CD100A82666 /* Release */,
			);
			defaultConfigurationIsVisible = 0;
			defaultConfigurationName = Release;
		};
/* End XCConfigurationList section */

/* Begin XCRemoteSwiftPackageReference section */
		463862CD26961B7300C85153 /* XCRemoteSwiftPackageReference "SwiftUI-Introspect" */ = {
			isa = XCRemoteSwiftPackageReference;
			repositoryURL = "https://github.com/siteline/SwiftUI-Introspect.git";
			requirement = {
				kind = upToNextMajorVersion;
				minimumVersion = 0.1.3;
			};
		};
		463D8450269A5B1C00CEB91E /* XCRemoteSwiftPackageReference "Kingfisher" */ = {
			isa = XCRemoteSwiftPackageReference;
			repositoryURL = "https://github.com/onevcat/Kingfisher.git";
			requirement = {
				kind = upToNextMajorVersion;
				minimumVersion = 7.0.0;
			};
		};
		46C77641268BCBF500264401 /* XCRemoteSwiftPackageReference "firebase-ios-sdk" */ = {
			isa = XCRemoteSwiftPackageReference;
			repositoryURL = "https://github.com/firebase/firebase-ios-sdk";
			requirement = {
				kind = upToNextMajorVersion;
				minimumVersion = 8.2.0;
			};
		};
/* End XCRemoteSwiftPackageReference section */

/* Begin XCSwiftPackageProductDependency section */
		463862CE26961B7300C85153 /* Introspect */ = {
			isa = XCSwiftPackageProductDependency;
			package = 463862CD26961B7300C85153 /* XCRemoteSwiftPackageReference "SwiftUI-Introspect" */;
			productName = Introspect;
		};
		463D844726980DC200CEB91E /* FirebaseStorageSwift-Beta */ = {
			isa = XCSwiftPackageProductDependency;
			package = 46C77641268BCBF500264401 /* XCRemoteSwiftPackageReference "firebase-ios-sdk" */;
			productName = "FirebaseStorageSwift-Beta";
		};
		463D8451269A5B1D00CEB91E /* Kingfisher */ = {
			isa = XCSwiftPackageProductDependency;
			package = 463D8450269A5B1C00CEB91E /* XCRemoteSwiftPackageReference "Kingfisher" */;
			productName = Kingfisher;
		};
		468DAE31268E9EE100A270E4 /* FirebaseMessaging */ = {
			isa = XCSwiftPackageProductDependency;
			package = 46C77641268BCBF500264401 /* XCRemoteSwiftPackageReference "firebase-ios-sdk" */;
			productName = FirebaseMessaging;
		};
		46C77642268BCBF500264401 /* FirebaseFirestoreSwift-Beta */ = {
			isa = XCSwiftPackageProductDependency;
			package = 46C77641268BCBF500264401 /* XCRemoteSwiftPackageReference "firebase-ios-sdk" */;
			productName = "FirebaseFirestoreSwift-Beta";
		};
		46C77646268BCBF500264401 /* FirebaseAuth */ = {
			isa = XCSwiftPackageProductDependency;
			package = 46C77641268BCBF500264401 /* XCRemoteSwiftPackageReference "firebase-ios-sdk" */;
			productName = FirebaseAuth;
		};
/* End XCSwiftPackageProductDependency section */
	};
	rootObject = 46969C2C26804CD000A82666 /* Project object */;
}
